{
  "name": "plantower",
  "version": "1.1.10",
  "lockfileVersion": 1,
  "requires": true,
  "dependencies": {
    "@serialport/binding-abstract": {
      "version": "8.0.6",
      "resolved": "http://npm.zhenguanyu.com/@serialport/binding-abstract/download/@serialport/binding-abstract-8.0.6.tgz",
      "integrity": "sha1-eObXmVqVxG1IBEUwPm8yyk1T7c0=",
      "requires": {
        "debug": "^4.1.1"
      },
      "dependencies": {
        "debug": {
          "version": "4.1.1",
          "resolved": "http://npm.zhenguanyu.com/debug/download/debug-4.1.1.tgz",
          "integrity": "sha1-O3ImAlUQnGtYnO4FDx1RYTlmR5E=",
          "requires": {
            "ms": "^2.1.1"
          }
        },
        "ms": {
          "version": "2.1.2",
          "resolved": "http://npm.zhenguanyu.com/ms/download/ms-2.1.2.tgz",
          "integrity": "sha1-0J0fNXtEP0kzgqjrPM0YOHKuYAk="
        }
      }
    },
    "@serialport/binding-mock": {
      "version": "8.0.6",
      "resolved": "http://npm.zhenguanyu.com/@serialport/binding-mock/download/@serialport/binding-mock-8.0.6.tgz",
      "integrity": "sha1-Qaj4Jyacag5YVGUTonThICMTQVU=",
      "requires": {
        "@serialport/binding-abstract": "^8.0.6",
        "debug": "^4.1.1"
      },
      "dependencies": {
        "debug": {
          "version": "4.1.1",
          "resolved": "http://npm.zhenguanyu.com/debug/download/debug-4.1.1.tgz",
          "integrity": "sha1-O3ImAlUQnGtYnO4FDx1RYTlmR5E=",
          "requires": {
            "ms": "^2.1.1"
          }
        },
        "ms": {
          "version": "2.1.2",
          "resolved": "http://npm.zhenguanyu.com/ms/download/ms-2.1.2.tgz",
          "integrity": "sha1-0J0fNXtEP0kzgqjrPM0YOHKuYAk="
        }
      }
    },
    "@serialport/bindings": {
      "version": "8.0.7",
      "resolved": "http://npm.zhenguanyu.com/@serialport/bindings/download/@serialport/bindings-8.0.7.tgz",
      "integrity": "sha1-Klj2Dx4k7kVJvm+eDjezNZ0Dihw=",
      "requires": {
        "@serialport/binding-abstract": "^8.0.6",
        "@serialport/parser-readline": "^8.0.6",
        "bindings": "^1.5.0",
        "debug": "^4.1.1",
        "nan": "^2.14.0",
        "prebuild-install": "^5.3.0"
      },
      "dependencies": {
        "debug": {
          "version": "4.1.1",
          "resolved": "http://npm.zhenguanyu.com/debug/download/debug-4.1.1.tgz",
          "integrity": "sha1-O3ImAlUQnGtYnO4FDx1RYTlmR5E=",
          "requires": {
            "ms": "^2.1.1"
          }
        },
        "ms": {
          "version": "2.1.2",
          "resolved": "http://npm.zhenguanyu.com/ms/download/ms-2.1.2.tgz",
          "integrity": "sha1-0J0fNXtEP0kzgqjrPM0YOHKuYAk="
        }
      }
    },
    "@serialport/parser-byte-length": {
      "version": "8.0.6",
      "resolved": "http://npm.zhenguanyu.com/@serialport/parser-byte-length/download/@serialport/parser-byte-length-8.0.6.tgz",
      "integrity": "sha1-77YZVpKxCI5sCV/UO64Zb8MGdNA="
    },
    "@serialport/parser-cctalk": {
      "version": "8.0.6",
      "resolved": "http://npm.zhenguanyu.com/@serialport/parser-cctalk/download/@serialport/parser-cctalk-8.0.6.tgz",
      "integrity": "sha1-QTSjxHnUZd87FSoh4WuOzxvIGMM="
    },
    "@serialport/parser-delimiter": {
      "version": "8.0.6",
      "resolved": "http://npm.zhenguanyu.com/@serialport/parser-delimiter/download/@serialport/parser-delimiter-8.0.6.tgz",
      "integrity": "sha1-DkZ8sHpAvTAGg1xI5Ihma9feIsw="
    },
    "@serialport/parser-readline": {
      "version": "8.0.6",
      "resolved": "http://npm.zhenguanyu.com/@serialport/parser-readline/download/@serialport/parser-readline-8.0.6.tgz",
      "integrity": "sha1-imopahvsCKSFW/emK8YzXVKXLko=",
      "requires": {
        "@serialport/parser-delimiter": "^8.0.6"
      }
    },
    "@serialport/parser-ready": {
      "version": "8.0.6",
      "resolved": "http://npm.zhenguanyu.com/@serialport/parser-ready/download/@serialport/parser-ready-8.0.6.tgz",
      "integrity": "sha1-1uleU+5w0piuC0FHmVAH9LpiZRw="
    },
    "@serialport/parser-regex": {
      "version": "8.0.6",
      "resolved": "http://npm.zhenguanyu.com/@serialport/parser-regex/download/@serialport/parser-regex-8.0.6.tgz",
      "integrity": "sha1-cKoavjGJnRuYb0TPtnd6duJnVb8="
    },
    "@serialport/stream": {
      "version": "8.0.6",
      "resolved": "http://npm.zhenguanyu.com/@serialport/stream/download/@serialport/stream-8.0.6.tgz",
      "integrity": "sha1-M5XbrHiMAHl8JDXGHC7LTpn79B0=",
      "requires": {
        "debug": "^4.1.1"
      },
      "dependencies": {
        "debug": {
          "version": "4.1.1",
          "resolved": "http://npm.zhenguanyu.com/debug/download/debug-4.1.1.tgz",
          "integrity": "sha1-O3ImAlUQnGtYnO4FDx1RYTlmR5E=",
          "requires": {
            "ms": "^2.1.1"
          }
        },
        "ms": {
          "version": "2.1.2",
          "resolved": "http://npm.zhenguanyu.com/ms/download/ms-2.1.2.tgz",
          "integrity": "sha1-0J0fNXtEP0kzgqjrPM0YOHKuYAk="
        }
      }
    },
    "@types/color-name": {
      "version": "1.1.1",
      "resolved": "http://npm.zhenguanyu.com/@types/color-name/download/@types/color-name-1.1.1.tgz",
      "integrity": "sha1-HBJhu+qhCoBVu8XYq4S3sq/IRqA="
    },
    "ansi-regex": {
      "version": "2.1.1",
      "resolved": "http://npm.zhenguanyu.com/ansi-regex/download/ansi-regex-2.1.1.tgz",
      "integrity": "sha1-w7M6te42DYbg5ijwRorn7yfWVN8="
    },
    "ansi-styles": {
      "version": "4.2.1",
      "resolved": "http://npm.zhenguanyu.com/ansi-styles/download/ansi-styles-4.2.1.tgz",
      "integrity": "sha1-kK51xCTQCNJiTFvynq0xd+v881k=",
      "requires": {
        "@types/color-name": "^1.1.1",
        "color-convert": "^2.0.1"
      }
    },
    "aproba": {
      "version": "1.2.0",
      "resolved": "http://npm.zhenguanyu.com/aproba/download/aproba-1.2.0.tgz",
      "integrity": "sha1-aALmJk79GMeQobDVF/DyYnvyyUo="
    },
    "are-we-there-yet": {
      "version": "1.1.5",
      "resolved": "http://npm.zhenguanyu.com/are-we-there-yet/download/are-we-there-yet-1.1.5.tgz",
      "integrity": "sha1-SzXClE8GKov82mZBB2A1D+nd/CE=",
      "requires": {
        "delegates": "^1.0.0",
        "readable-stream": "^2.0.6"
      }
    },
    "bindings": {
      "version": "1.5.0",
      "resolved": "http://npm.zhenguanyu.com/bindings/download/bindings-1.5.0.tgz",
      "integrity": "sha1-EDU8npRTNLwFEabZCzj7x8nFBN8=",
      "requires": {
        "file-uri-to-path": "1.0.0"
      }
    },
    "bl": {
      "version": "3.0.0",
      "resolved": "http://npm.zhenguanyu.com/bl/download/bl-3.0.0.tgz",
      "integrity": "sha1-NhHsAFef0YVhdUNgsh6feEUA/4g=",
      "requires": {
        "readable-stream": "^3.0.1"
      },
      "dependencies": {
        "readable-stream": {
          "version": "3.6.0",
          "resolved": "http://npm.zhenguanyu.com/readable-stream/download/readable-stream-3.6.0.tgz",
          "integrity": "sha1-M3u9o63AcGvT4CRCaihtS0sskZg=",
          "requires": {
            "inherits": "^2.0.3",
            "string_decoder": "^1.1.1",
            "util-deprecate": "^1.0.1"
          }
        }
      }
    },
    "bluebird": {
      "version": "3.7.2",
      "resolved": "http://npm.zhenguanyu.com/bluebird/download/bluebird-3.7.2.tgz",
      "integrity": "sha1-nyKcFb4nJFT/qXOs4NvueaGww28="
    },
    "camelcase": {
      "version": "5.3.1",
      "resolved": "http://npm.zhenguanyu.com/camelcase/download/camelcase-5.3.1.tgz",
      "integrity": "sha1-48mzFWnhBoEd8kL3FXJaH0xJQyA="
    },
    "chownr": {
      "version": "1.1.4",
      "resolved": "http://npm.zhenguanyu.com/chownr/download/chownr-1.1.4.tgz",
      "integrity": "sha1-b8nXtC0ypYNZYzdmbn0ICE2izGs="
    },
    "cliui": {
      "version": "6.0.0",
      "resolved": "http://npm.zhenguanyu.com/cliui/download/cliui-6.0.0.tgz",
      "integrity": "sha1-UR1wLAxOQcoVbX0OlgIfI+EyJbE=",
      "requires": {
        "string-width": "^4.2.0",
        "strip-ansi": "^6.0.0",
        "wrap-ansi": "^6.2.0"
      },
      "dependencies": {
        "ansi-regex": {
          "version": "5.0.0",
          "resolved": "http://npm.zhenguanyu.com/ansi-regex/download/ansi-regex-5.0.0.tgz",
          "integrity": "sha1-OIU59VF5vzkznIGvMKZU1p+Hy3U="
        },
        "is-fullwidth-code-point": {
          "version": "3.0.0",
          "resolved": "http://npm.zhenguanyu.com/is-fullwidth-code-point/download/is-fullwidth-code-point-3.0.0.tgz",
          "integrity": "sha1-8Rb4Bk/pCz94RKOJl8C3UFEmnx0="
        },
        "string-width": {
          "version": "4.2.0",
          "resolved": "http://npm.zhenguanyu.com/string-width/download/string-width-4.2.0.tgz",
          "integrity": "sha1-lSGCxGzHssMT0VluYjmSvRY7crU=",
          "requires": {
            "emoji-regex": "^8.0.0",
            "is-fullwidth-code-point": "^3.0.0",
            "strip-ansi": "^6.0.0"
          }
        },
        "strip-ansi": {
          "version": "6.0.0",
          "resolved": "http://npm.zhenguanyu.com/strip-ansi/download/strip-ansi-6.0.0.tgz",
          "integrity": "sha1-CxVx3XZpzNTz4G4U7x7tJiJa5TI=",
          "requires": {
            "ansi-regex": "^5.0.0"
          }
        }
      }
    },
    "code-point-at": {
      "version": "1.1.0",
      "resolved": "http://npm.zhenguanyu.com/code-point-at/download/code-point-at-1.1.0.tgz",
      "integrity": "sha1-DQcLTQQ6W+ozovGkDi7bPZpMz3c="
    },
    "color-convert": {
      "version": "2.0.1",
      "resolved": "http://npm.zhenguanyu.com/color-convert/download/color-convert-2.0.1.tgz",
      "integrity": "sha1-ctOmjVmMm9s68q0ehPIdiWq9TeM=",
      "requires": {
        "color-name": "~1.1.4"
      }
    },
    "color-name": {
      "version": "1.1.4",
      "resolved": "http://npm.zhenguanyu.com/color-name/download/color-name-1.1.4.tgz",
      "integrity": "sha1-wqCah6y95pVD3m9j+jmVyCbFNqI="
    },
    "console-control-strings": {
      "version": "1.1.0",
      "resolved": "http://npm.zhenguanyu.com/console-control-strings/download/console-control-strings-1.1.0.tgz",
      "integrity": "sha1-PXz0Rk22RG6mRL9LOVB/mFEAjo4="
    },
    "core-util-is": {
      "version": "1.0.2",
      "resolved": "http://npm.zhenguanyu.com/core-util-is/download/core-util-is-1.0.2.tgz",
      "integrity": "sha1-tf1UIgqivFq1eqtxQMlAdUUDwac="
    },
    "debug": {
      "version": "4.1.1",
      "resolved": "http://npm.zhenguanyu.com/debug/download/debug-4.1.1.tgz",
      "integrity": "sha1-O3ImAlUQnGtYnO4FDx1RYTlmR5E=",
      "requires": {
        "ms": "^2.1.1"
      }
    },
    "decamelize": {
      "version": "1.2.0",
      "resolved": "http://npm.zhenguanyu.com/decamelize/download/decamelize-1.2.0.tgz",
      "integrity": "sha1-9lNNFRSCabIDUue+4m9QH5oZEpA="
    },
    "decompress-response": {
      "version": "4.2.1",
      "resolved": "http://npm.zhenguanyu.com/decompress-response/download/decompress-response-4.2.1.tgz",
      "integrity": "sha1-QUAjzHowLaJc4uyC0NUjjMr9iYY=",
      "requires": {
        "mimic-response": "^2.0.0"
      }
    },
    "deep-extend": {
      "version": "0.6.0",
      "resolved": "http://npm.zhenguanyu.com/deep-extend/download/deep-extend-0.6.0.tgz",
      "integrity": "sha1-xPp8lUBKF6nD6Mp+FTcxK3NjMKw="
    },
    "delegates": {
      "version": "1.0.0",
      "resolved": "http://npm.zhenguanyu.com/delegates/download/delegates-1.0.0.tgz",
      "integrity": "sha1-hMbhWbgZBP3KWaDvRM2HDTElD5o="
    },
    "detect-libc": {
      "version": "1.0.3",
      "resolved": "http://npm.zhenguanyu.com/detect-libc/download/detect-libc-1.0.3.tgz",
      "integrity": "sha1-+hN8S9aY7fVc1c0CrFWfkaTEups="
    },
    "emoji-regex": {
      "version": "8.0.0",
      "resolved": "http://npm.zhenguanyu.com/emoji-regex/download/emoji-regex-8.0.0.tgz",
      "integrity": "sha1-6Bj9ac5cz8tARZT4QpY79TFkzDc="
    },
    "end-of-stream": {
      "version": "1.4.4",
      "resolved": "http://npm.zhenguanyu.com/end-of-stream/download/end-of-stream-1.4.4.tgz",
      "integrity": "sha1-WuZKX0UFe682JuwU2gyl5LJDHrA=",
      "requires": {
        "once": "^1.4.0"
      }
    },
    "expand-template": {
      "version": "2.0.3",
      "resolved": "http://npm.zhenguanyu.com/expand-template/download/expand-template-2.0.3.tgz",
      "integrity": "sha1-bhSz/O4POmNA7LV9LokYaSBSpHw="
    },
    "file-uri-to-path": {
      "version": "1.0.0",
      "resolved": "http://npm.zhenguanyu.com/file-uri-to-path/download/file-uri-to-path-1.0.0.tgz",
      "integrity": "sha1-VTp7hEb/b2hDWcRF8eN6BdrMM90="
    },
    "find-up": {
      "version": "4.1.0",
      "resolved": "http://npm.zhenguanyu.com/find-up/download/find-up-4.1.0.tgz",
      "integrity": "sha1-l6/n1s3AvFkoWEt8jXsW6KmqXRk=",
      "requires": {
        "locate-path": "^5.0.0",
        "path-exists": "^4.0.0"
      }
    },
    "fs-constants": {
      "version": "1.0.0",
      "resolved": "http://npm.zhenguanyu.com/fs-constants/download/fs-constants-1.0.0.tgz",
      "integrity": "sha1-a+Dem+mYzhavivwkSXue6bfM2a0="
    },
    "gauge": {
      "version": "2.7.4",
      "resolved": "http://npm.zhenguanyu.com/gauge/download/gauge-2.7.4.tgz",
      "integrity": "sha1-LANAXHU4w51+s3sxcCLjJfsBi/c=",
      "requires": {
        "aproba": "^1.0.3",
        "console-control-strings": "^1.0.0",
        "has-unicode": "^2.0.0",
        "object-assign": "^4.1.0",
        "signal-exit": "^3.0.0",
        "string-width": "^1.0.1",
        "strip-ansi": "^3.0.1",
        "wide-align": "^1.1.0"
      }
    },
    "get-caller-file": {
      "version": "2.0.5",
      "resolved": "http://npm.zhenguanyu.com/get-caller-file/download/get-caller-file-2.0.5.tgz",
      "integrity": "sha1-T5RBKoLbMvNuOwuXQfipf+sDH34="
    },
    "github-from-package": {
      "version": "0.0.0",
      "resolved": "http://npm.zhenguanyu.com/github-from-package/download/github-from-package-0.0.0.tgz",
      "integrity": "sha1-l/tdlr/eiXMxPyDoKI75oWf6ZM4="
    },
    "has-unicode": {
      "version": "2.0.1",
      "resolved": "http://npm.zhenguanyu.com/has-unicode/download/has-unicode-2.0.1.tgz",
      "integrity": "sha1-4Ob+aijPUROIVeCG0Wkedx3iqLk="
    },
    "inherits": {
      "version": "2.0.4",
      "resolved": "http://npm.zhenguanyu.com/inherits/download/inherits-2.0.4.tgz",
      "integrity": "sha1-D6LGT5MpF8NDOg3tVTY6rjdBa3w="
    },
    "ini": {
      "version": "1.3.5",
      "resolved": "http://npm.zhenguanyu.com/ini/download/ini-1.3.5.tgz",
      "integrity": "sha1-7uJfVtscnsYIXgwid4CD9Zar+Sc="
    },
    "is-fullwidth-code-point": {
      "version": "1.0.0",
      "resolved": "http://npm.zhenguanyu.com/is-fullwidth-code-point/download/is-fullwidth-code-point-1.0.0.tgz",
      "integrity": "sha1-754xOG8DGn8NZDr4L95QxFfvAMs=",
      "requires": {
        "number-is-nan": "^1.0.0"
      }
    },
    "isarray": {
      "version": "1.0.0",
      "resolved": "http://npm.zhenguanyu.com/isarray/download/isarray-1.0.0.tgz",
      "integrity": "sha1-u5NdSFgsuhaMBoNJV6VKPgcSTxE="
    },
    "locate-path": {
      "version": "5.0.0",
      "resolved": "http://npm.zhenguanyu.com/locate-path/download/locate-path-5.0.0.tgz",
      "integrity": "sha1-Gvujlq/WdqbUJQTQpno6frn2KqA=",
      "requires": {
        "p-locate": "^4.1.0"
      }
    },
    "mimic-response": {
      "version": "2.1.0",
      "resolved": "http://npm.zhenguanyu.com/mimic-response/download/mimic-response-2.1.0.tgz",
      "integrity": "sha1-0Tdj019hPQnsN+uzC6wEacDuj0M="
    },
    "minimist": {
      "version": "1.2.0",
      "resolved": "http://npm.zhenguanyu.com/minimist/download/minimist-1.2.0.tgz",
      "integrity": "sha1-o1AIsg9BOD7sH7kU9M1d95omQoQ="
    },
    "mkdirp": {
      "version": "0.5.1",
      "resolved": "http://npm.zhenguanyu.com/mkdirp/download/mkdirp-0.5.1.tgz",
      "integrity": "sha1-MAV0OOrGz3+MR2fzhkjWaX11yQM=",
      "requires": {
        "minimist": "0.0.8"
      },
      "dependencies": {
        "minimist": {
          "version": "0.0.8",
          "resolved": "http://npm.zhenguanyu.com/minimist/download/minimist-0.0.8.tgz",
          "integrity": "sha1-hX/Kv8M5fSYluCKCYuhqp6ARsF0="
        }
      }
    },
    "ms": {
      "version": "2.1.2",
      "resolved": "http://npm.zhenguanyu.com/ms/download/ms-2.1.2.tgz",
      "integrity": "sha1-0J0fNXtEP0kzgqjrPM0YOHKuYAk="
    },
    "nan": {
      "version": "2.14.0",
      "resolved": "http://npm.zhenguanyu.com/nan/download/nan-2.14.0.tgz",
      "integrity": "sha1-eBj3IgJ7JFmobwKV1DTR/CM2xSw="
    },
    "napi-build-utils": {
      "version": "1.0.1",
      "resolved": "http://npm.zhenguanyu.com/napi-build-utils/download/napi-build-utils-1.0.1.tgz",
      "integrity": "sha1-E4Gg+Sw51mvxmFLnhzQy/CEj5Qg="
    },
    "node-abi": {
      "version": "2.15.0",
      "resolved": "http://npm.zhenguanyu.com/node-abi/download/node-abi-2.15.0.tgz",
      "integrity": "sha1-UdVcxxG9nkokpXKs4TuSMZRcyxA=",
      "requires": {
        "semver": "^5.4.1"
      }
    },
    "noop-logger": {
      "version": "0.1.1",
      "resolved": "http://npm.zhenguanyu.com/noop-logger/download/noop-logger-0.1.1.tgz",
      "integrity": "sha1-lKKxYzxPExdVMAfYlm/Q6EG2pMI="
    },
    "npmlog": {
      "version": "4.1.2",
      "resolved": "http://npm.zhenguanyu.com/npmlog/download/npmlog-4.1.2.tgz",
      "integrity": "sha1-CKfyqL9zRgR3mp76StXMcXq7lUs=",
      "requires": {
        "are-we-there-yet": "~1.1.2",
        "console-control-strings": "~1.1.0",
        "gauge": "~2.7.3",
        "set-blocking": "~2.0.0"
      }
    },
    "number-is-nan": {
      "version": "1.0.1",
      "resolved": "http://npm.zhenguanyu.com/number-is-nan/download/number-is-nan-1.0.1.tgz",
      "integrity": "sha1-CXtgK1NCKlIsGvuHkDGDNpQaAR0="
    },
    "object-assign": {
      "version": "4.1.1",
      "resolved": "http://npm.zhenguanyu.com/object-assign/download/object-assign-4.1.1.tgz",
      "integrity": "sha1-IQmtx5ZYh8/AXLvUQsrIv7s2CGM="
    },
    "once": {
      "version": "1.4.0",
      "resolved": "http://npm.zhenguanyu.com/once/download/once-1.4.0.tgz",
      "integrity": "sha1-WDsap3WWHUsROsF9nFC6753Xa9E=",
      "requires": {
        "wrappy": "1"
      }
    },
    "p-limit": {
      "version": "2.2.2",
      "resolved": "http://npm.zhenguanyu.com/p-limit/download/p-limit-2.2.2.tgz",
      "integrity": "sha1-YSebZ3IfUoeqHBOpp/u8SMkpGx4=",
      "requires": {
        "p-try": "^2.0.0"
      }
    },
    "p-locate": {
      "version": "4.1.0",
      "resolved": "http://npm.zhenguanyu.com/p-locate/download/p-locate-4.1.0.tgz",
      "integrity": "sha1-o0KLtwiLOmApL2aRkni3wpetTwc=",
      "requires": {
        "p-limit": "^2.2.0"
      }
    },
    "p-try": {
      "version": "2.2.0",
      "resolved": "http://npm.zhenguanyu.com/p-try/download/p-try-2.2.0.tgz",
      "integrity": "sha1-yyhoVA4xPWHeWPr741zpAE1VQOY="
    },
    "path-exists": {
      "version": "4.0.0",
      "resolved": "http://npm.zhenguanyu.com/path-exists/download/path-exists-4.0.0.tgz",
      "integrity": "sha1-UTvb4tO5XXdi6METfvoZXGxhtbM="
    },
    "prebuild-install": {
      "version": "5.3.3",
      "resolved": "http://npm.zhenguanyu.com/prebuild-install/download/prebuild-install-5.3.3.tgz",
      "integrity": "sha1-70BSuqxg1GX1umvwA8nB3nm52o4=",
      "requires": {
        "detect-libc": "^1.0.3",
        "expand-template": "^2.0.3",
        "github-from-package": "0.0.0",
        "minimist": "^1.2.0",
        "mkdirp": "^0.5.1",
        "napi-build-utils": "^1.0.1",
        "node-abi": "^2.7.0",
        "noop-logger": "^0.1.1",
        "npmlog": "^4.0.1",
        "pump": "^3.0.0",
        "rc": "^1.2.7",
        "simple-get": "^3.0.3",
        "tar-fs": "^2.0.0",
        "tunnel-agent": "^0.6.0",
        "which-pm-runs": "^1.0.0"
      }
    },
    "process-nextick-args": {
      "version": "2.0.1",
      "resolved": "http://npm.zhenguanyu.com/process-nextick-args/download/process-nextick-args-2.0.1.tgz",
      "integrity": "sha1-eCDZsWEgzFXKmud5JoCufbptf+I="
    },
    "pump": {
      "version": "3.0.0",
      "resolved": "http://npm.zhenguanyu.com/pump/download/pump-3.0.0.tgz",
      "integrity": "sha1-tKIRaBW94vTh6mAjVOjHVWUQemQ=",
      "requires": {
        "end-of-stream": "^1.1.0",
        "once": "^1.3.1"
      }
    },
    "rc": {
      "version": "1.2.8",
      "resolved": "http://npm.zhenguanyu.com/rc/download/rc-1.2.8.tgz",
      "integrity": "sha1-zZJL9SAKB1uDwYjNa54hG3/A0+0=",
      "requires": {
        "deep-extend": "^0.6.0",
        "ini": "~1.3.0",
        "minimist": "^1.2.0",
        "strip-json-comments": "~2.0.1"
      }
    },
    "readable-stream": {
      "version": "2.3.7",
      "resolved": "http://npm.zhenguanyu.com/readable-stream/download/readable-stream-2.3.7.tgz",
      "integrity": "sha1-Hsoc9xGu+BTAT2IlKjamL2yyO1c=",
      "requires": {
        "core-util-is": "~1.0.0",
        "inherits": "~2.0.3",
        "isarray": "~1.0.0",
        "process-nextick-args": "~2.0.0",
        "safe-buffer": "~5.1.1",
        "string_decoder": "~1.1.1",
        "util-deprecate": "~1.0.1"
      }
    },
    "require-directory": {
      "version": "2.1.1",
      "resolved": "http://npm.zhenguanyu.com/require-directory/download/require-directory-2.1.1.tgz",
      "integrity": "sha1-jGStX9MNqxyXbiNE/+f3kqam30I="
    },
    "require-main-filename": {
      "version": "2.0.0",
      "resolved": "http://npm.zhenguanyu.com/require-main-filename/download/require-main-filename-2.0.0.tgz",
      "integrity": "sha1-0LMp7MfMD2Fkn2IhW+aa9UqomJs="
    },
    "safe-buffer": {
      "version": "5.1.2",
      "resolved": "http://npm.zhenguanyu.com/safe-buffer/download/safe-buffer-5.1.2.tgz",
      "integrity": "sha1-mR7GnSluAxN0fVm9/St0XDX4go0="
    },
    "semver": {
      "version": "5.7.1",
      "resolved": "http://npm.zhenguanyu.com/semver/download/semver-5.7.1.tgz",
      "integrity": "sha1-qVT5Ma66UI0we78Gnv8MAclhFvc="
    },
    "serialport": {
      "version": "8.0.7",
      "resolved": "http://npm.zhenguanyu.com/serialport/download/serialport-8.0.7.tgz",
      "integrity": "sha1-nyixt8RzM6CWL1UFocP+sdkPiak=",
      "requires": {
        "@serialport/binding-mock": "^8.0.6",
        "@serialport/bindings": "^8.0.7",
        "@serialport/parser-byte-length": "^8.0.6",
        "@serialport/parser-cctalk": "^8.0.6",
        "@serialport/parser-delimiter": "^8.0.6",
        "@serialport/parser-readline": "^8.0.6",
        "@serialport/parser-ready": "^8.0.6",
        "@serialport/parser-regex": "^8.0.6",
        "@serialport/stream": "^8.0.6",
        "debug": "^4.1.1"
      },
      "dependencies": {
        "debug": {
          "version": "4.1.1",
          "resolved": "http://npm.zhenguanyu.com/debug/download/debug-4.1.1.tgz",
          "integrity": "sha1-O3ImAlUQnGtYnO4FDx1RYTlmR5E=",
          "requires": {
            "ms": "^2.1.1"
          }
        },
        "ms": {
          "version": "2.1.2",
          "resolved": "http://npm.zhenguanyu.com/ms/download/ms-2.1.2.tgz",
          "integrity": "sha1-0J0fNXtEP0kzgqjrPM0YOHKuYAk="
        }
      }
    },
    "set-blocking": {
      "version": "2.0.0",
      "resolved": "http://npm.zhenguanyu.com/set-blocking/download/set-blocking-2.0.0.tgz",
      "integrity": "sha1-BF+XgtARrppoA93TgrJDkrPYkPc="
    },
    "signal-exit": {
      "version": "3.0.2",
      "resolved": "http://npm.zhenguanyu.com/signal-exit/download/signal-exit-3.0.2.tgz",
      "integrity": "sha1-tf3AjxKH6hF4Yo5BXiUTK3NkbG0="
    },
    "simple-concat": {
      "version": "1.0.0",
      "resolved": "http://npm.zhenguanyu.com/simple-concat/download/simple-concat-1.0.0.tgz",
      "integrity": "sha1-c0TLuLbib7J9ZrL8hvn21Zl1IcY="
    },
    "simple-get": {
      "version": "3.1.0",
      "resolved": "http://npm.zhenguanyu.com/simple-get/download/simple-get-3.1.0.tgz",
      "integrity": "sha1-tFvgYkNeUNFZVAtXYgLO7EC5xrM=",
      "requires": {
        "decompress-response": "^4.2.0",
        "once": "^1.3.1",
        "simple-concat": "^1.0.0"
      }
    },
    "string-width": {
      "version": "1.0.2",
      "resolved": "http://npm.zhenguanyu.com/string-width/download/string-width-1.0.2.tgz",
      "integrity": "sha1-EYvfW4zcUaKn5w0hHgfisLmxB9M=",
      "requires": {
        "code-point-at": "^1.0.0",
        "is-fullwidth-code-point": "^1.0.0",
        "strip-ansi": "^3.0.0"
      }
    },
    "string_decoder": {
      "version": "1.1.1",
      "resolved": "http://npm.zhenguanyu.com/string_decoder/download/string_decoder-1.1.1.tgz",
      "integrity": "sha1-nPFhG6YmhdcDCunkujQUnDrwP8g=",
      "requires": {
        "safe-buffer": "~5.1.0"
      }
    },
    "strip-ansi": {
      "version": "3.0.1",
      "resolved": "http://npm.zhenguanyu.com/strip-ansi/download/strip-ansi-3.0.1.tgz",
      "integrity": "sha1-ajhfuIU9lS1f8F0Oiq+UJ43GPc8=",
      "requires": {
        "ansi-regex": "^2.0.0"
      }
    },
    "strip-json-comments": {
      "version": "2.0.1",
      "resolved": "http://npm.zhenguanyu.com/strip-json-comments/download/strip-json-comments-2.0.1.tgz",
      "integrity": "sha1-PFMZQukIwml8DsNEhYwobHygpgo="
    },
    "tar-fs": {
      "version": "2.0.0",
      "resolved": "http://npm.zhenguanyu.com/tar-fs/download/tar-fs-2.0.0.tgz",
      "integrity": "sha1-Z3cA/AyLM3p4vuNiP9wjXyHXr60=",
      "requires": {
        "chownr": "^1.1.1",
        "mkdirp": "^0.5.1",
        "pump": "^3.0.0",
        "tar-stream": "^2.0.0"
      }
    },
    "tar-stream": {
      "version": "2.1.0",
      "resolved": "http://npm.zhenguanyu.com/tar-stream/download/tar-stream-2.1.0.tgz",
      "integrity": "sha1-0aqjZh8Fs4tazJtwIO/cpReaLMM=",
      "requires": {
        "bl": "^3.0.0",
        "end-of-stream": "^1.4.1",
        "fs-constants": "^1.0.0",
        "inherits": "^2.0.3",
        "readable-stream": "^3.1.1"
      },
      "dependencies": {
        "readable-stream": {
          "version": "3.6.0",
          "resolved": "http://npm.zhenguanyu.com/readable-stream/download/readable-stream-3.6.0.tgz",
          "integrity": "sha1-M3u9o63AcGvT4CRCaihtS0sskZg=",
          "requires": {
            "inherits": "^2.0.3",
            "string_decoder": "^1.1.1",
            "util-deprecate": "^1.0.1"
          }
        }
      }
    },
    "tunnel-agent": {
      "version": "0.6.0",
      "resolved": "http://npm.zhenguanyu.com/tunnel-agent/download/tunnel-agent-0.6.0.tgz",
      "integrity": "sha1-J6XeoGs2sEoKmWZ3SykIaPD8QP0=",
      "requires": {
        "safe-buffer": "^5.0.1"
      }
    },
    "util-deprecate": {
      "version": "1.0.2",
      "resolved": "http://npm.zhenguanyu.com/util-deprecate/download/util-deprecate-1.0.2.tgz",
      "integrity": "sha1-RQ1Nyfpw3nMnYvvS1KKJgUGaDM8="
    },
    "which-module": {
      "version": "2.0.0",
      "resolved": "http://npm.zhenguanyu.com/which-module/download/which-module-2.0.0.tgz",
      "integrity": "sha1-2e8H3Od7mQK4o6j6SzHD4/fm6Ho="
    },
    "which-pm-runs": {
      "version": "1.0.0",
      "resolved": "http://npm.zhenguanyu.com/which-pm-runs/download/which-pm-runs-1.0.0.tgz",
      "integrity": "sha1-Zws6+8VS4LVd9rd4DKdGFfI60cs="
    },
    "wide-align": {
      "version": "1.1.3",
      "resolved": "http://npm.zhenguanyu.com/wide-align/download/wide-align-1.1.3.tgz",
      "integrity": "sha1-rgdOa9wMFKQx6ATmJFScYzsABFc=",
      "requires": {
        "string-width": "^1.0.2 || 2"
      }
    },
    "wrap-ansi": {
      "version": "6.2.0",
      "resolved": "http://npm.zhenguanyu.com/wrap-ansi/download/wrap-ansi-6.2.0.tgz",
      "integrity": "sha1-6Tk7oHEC5skaOyIUePAlfNKFblM=",
      "requires": {
        "ansi-styles": "^4.0.0",
        "string-width": "^4.1.0",
        "strip-ansi": "^6.0.0"
      },
      "dependencies": {
        "ansi-regex": {
          "version": "5.0.0",
          "resolved": "http://npm.zhenguanyu.com/ansi-regex/download/ansi-regex-5.0.0.tgz",
          "integrity": "sha1-OIU59VF5vzkznIGvMKZU1p+Hy3U="
        },
        "is-fullwidth-code-point": {
          "version": "3.0.0",
          "resolved": "http://npm.zhenguanyu.com/is-fullwidth-code-point/download/is-fullwidth-code-point-3.0.0.tgz",
          "integrity": "sha1-8Rb4Bk/pCz94RKOJl8C3UFEmnx0="
        },
        "string-width": {
          "version": "4.2.0",
          "resolved": "http://npm.zhenguanyu.com/string-width/download/string-width-4.2.0.tgz",
          "integrity": "sha1-lSGCxGzHssMT0VluYjmSvRY7crU=",
          "requires": {
            "emoji-regex": "^8.0.0",
            "is-fullwidth-code-point": "^3.0.0",
            "strip-ansi": "^6.0.0"
          }
        },
        "strip-ansi": {
          "version": "6.0.0",
          "resolved": "http://npm.zhenguanyu.com/strip-ansi/download/strip-ansi-6.0.0.tgz",
          "integrity": "sha1-CxVx3XZpzNTz4G4U7x7tJiJa5TI=",
          "requires": {
            "ansi-regex": "^5.0.0"
          }
        }
      }
    },
    "wrappy": {
      "version": "1.0.2",
      "resolved": "http://npm.zhenguanyu.com/wrappy/download/wrappy-1.0.2.tgz",
      "integrity": "sha1-tSQ9jz7BqjXxNkYFvA0QNuMKtp8="
    },
    "y18n": {
      "version": "4.0.0",
      "resolved": "http://npm.zhenguanyu.com/y18n/download/y18n-4.0.0.tgz",
      "integrity": "sha1-le+U+F7MgdAHwmThkKEg8KPIVms="
    },
    "yargs": {
      "version": "15.1.0",
      "resolved": "http://npm.zhenguanyu.com/yargs/download/yargs-15.1.0.tgz",
      "integrity": "sha1-4RE4H1gw6GOolVC9SxNrtqXzchk=",
      "requires": {
        "cliui": "^6.0.0",
        "decamelize": "^1.2.0",
        "find-up": "^4.1.0",
        "get-caller-file": "^2.0.1",
        "require-directory": "^2.1.1",
        "require-main-filename": "^2.0.0",
        "set-blocking": "^2.0.0",
        "string-width": "^4.2.0",
        "which-module": "^2.0.0",
        "y18n": "^4.0.0",
        "yargs-parser": "^16.1.0"
      },
      "dependencies": {
        "ansi-regex": {
          "version": "5.0.0",
          "resolved": "http://npm.zhenguanyu.com/ansi-regex/download/ansi-regex-5.0.0.tgz",
          "integrity": "sha1-OIU59VF5vzkznIGvMKZU1p+Hy3U="
        },
        "is-fullwidth-code-point": {
          "version": "3.0.0",
          "resolved": "http://npm.zhenguanyu.com/is-fullwidth-code-point/download/is-fullwidth-code-point-3.0.0.tgz",
          "integrity": "sha1-8Rb4Bk/pCz94RKOJl8C3UFEmnx0="
        },
        "string-width": {
          "version": "4.2.0",
          "resolved": "http://npm.zhenguanyu.com/string-width/download/string-width-4.2.0.tgz",
          "integrity": "sha1-lSGCxGzHssMT0VluYjmSvRY7crU=",
          "requires": {
            "emoji-regex": "^8.0.0",
            "is-fullwidth-code-point": "^3.0.0",
            "strip-ansi": "^6.0.0"
          }
        },
        "strip-ansi": {
          "version": "6.0.0",
          "resolved": "http://npm.zhenguanyu.com/strip-ansi/download/strip-ansi-6.0.0.tgz",
          "integrity": "sha1-CxVx3XZpzNTz4G4U7x7tJiJa5TI=",
          "requires": {
            "ansi-regex": "^5.0.0"
          }
        }
      }
    },
    "yargs-parser": {
      "version": "16.1.0",
      "resolved": "http://npm.zhenguanyu.com/yargs-parser/download/yargs-parser-16.1.0.tgz",
      "integrity": "sha1-c3R9U64YfnuNvjM/lXFMduoA7PE=",
      "requires": {
        "camelcase": "^5.0.0",
        "decamelize": "^1.2.0"
      }
    }
  }
}
